# THIS IS AN AUTOGENERATED FILE. DO NOT EDIT THIS FILE DIRECTLY.
# yarn lockfile v1
get-cursor-position:
  version "1.0.3"
  resolved "https://registry.yarnpkg.com/get-cursor-position/-/get-cursor-position-1.0.3.tgz#0e41d60343b705836a528d69a5e099e2c5108d63"

has-flag@^1.0.0:
  version "1.0.0"
  resolved "https://registry.yarnpkg.com/has-flag/-/has-flag-1.0.0.tgz#9d9e793165ce017a00f00418c43f942a7b1d11fa"

"kool-shell@github:pqml/kool-shell":
  version "1.0.6"
  resolved "https://codeload.github.com/pqml/kool-shell/tar.gz/bfd52d2117a799d224eab03039c5c597eb7d7a5d"
  dependencies:
    supports-color "^3.1.2"

lodash:
  version "4.17.4"
  resolved "https://registry.yarnpkg.com/lodash/-/lodash-4.17.4.tgz#78203a4d1c328ae1d86dca6460e369b57f4055ae"

moment:
  version "2.17.1"
  resolved "https://registry.yarnpkg.com/moment/-/moment-2.17.1.tgz#fed9506063f36b10f066c8b59a144d7faebe1d82"

supports-color@^3.1.2:
  version "3.2.3"
  resolved "https://registry.yarnpkg.com/supports-color/-/supports-color-3.2.3.tgz#65ac0504b3954171d8a64946b2ae3cbb8a5f54f6"
  dependencies:
    has-flag "^1.0.0"

